
Microsoft Visual Studio Solution File, Format Version 12.00
# Visual Studio Version 16
VisualStudioVersion = 16.0.30804.86
MinimumVisualStudioVersion = 10.0.40219.1
Project("{FAE04EC0-301F-11D3-BF4B-00C04F79EFBC}") = "Fort", "Fort\Fort.csproj", "{34F04B0C-03ED-4F7E-8EB3-C2FFB9721CCC}"
EndProject
Global
	GlobalSection(SolutionConfigurationPlatforms) = preSolution
		Debug|Any CPU = Debug|Any CPU
		Release|Any CPU = Release|Any CPU
	EndGlobalSection
	GlobalSection(ProjectConfigurationPlatforms) = postSolution
		{34F04B0C-03ED-4F7E-8EB3-C2FFB9721CCC}.Debug|Any CPU.ActiveCfg = Debug|Any CPU
		{34F04B0C-03ED-4F7E-8EB3-C2FFB9721CCC}.Debug|Any CPU.Build.0 = Debug|Any CPU
		{34F04B0C-03ED-4F7E-8EB3-C2FFB9721CCC}.Release|Any CPU.ActiveCfg = Release|Any CPU
		{34F04B0C-03ED-4F7E-8EB3-C2FFB9721CCC}.Release|Any CPU.Build.0 = Release|Any CPU
	EndGlobalSection
	GlobalSection(SolutionProperties) = preSolution
		HideSolutionNode = FALSE
	EndGlobalSection
	GlobalSection(ExtensibilityGlobals) = postSolution
		SolutionGuid = {4D9BA0F9-0490-4FB2-A30D-9A0CF286DAE8}
	EndGlobalSection
EndGlobal
